
Microsoft Visual Studio Solution File, Format Version 12.00
# Visual Studio Version 17
VisualStudioVersion = 17.8.34511.84
MinimumVisualStudioVersion = 10.0.40219.1
Project("{888888A0-9F3D-457C-B088-3A5042F75D52}") = "FinalProject", "FinalProject\FinalProject.pyproj", "{1187E2C4-5AAF-456C-A53F-726E04420315}"
EndProject
Global
	GlobalSection(SolutionConfigurationPlatforms) = preSolution
		Debug|Any CPU = Debug|Any CPU
		Release|Any CPU = Release|Any CPU
	EndGlobalSection
	GlobalSection(ProjectConfigurationPlatforms) = postSolution
		{1187E2C4-5AAF-456C-A53F-726E04420315}.Debug|Any CPU.ActiveCfg = Debug|Any CPU
		{1187E2C4-5AAF-456C-A53F-726E04420315}.Release|Any CPU.ActiveCfg = Release|Any CPU
	EndGlobalSection
	GlobalSection(SolutionProperties) = preSolution
		HideSolutionNode = FALSE
	EndGlobalSection
	GlobalSection(ExtensibilityGlobals) = postSolution
		SolutionGuid = {E506BB94-5101-43E7-AB41-CD944DE64BF5}
	EndGlobalSection
EndGlobal
